
Microsoft Visual Studio Solution File, Format Version 12.00
# Visual Studio Version 17
VisualStudioVersion = 17.14.36804.6 d17.14
MinimumVisualStudioVersion = 10.0.40219.1
Project("{FAE04EC0-301F-11D3-BF4B-00C04F79EFBC}") = "Entity", "Entity\Entity.csproj", "{5C7EBE9A-AA56-4E47-A0E3-EB44E13FFAE7}"
EndProject
Project("{FAE04EC0-301F-11D3-BF4B-00C04F79EFBC}") = "Data", "Data\Data.csproj", "{4AE2EBD5-B962-4589-85AE-590CDAF26960}"
EndProject
Project("{FAE04EC0-301F-11D3-BF4B-00C04F79EFBC}") = "Business", "Business\Business.csproj", "{E0599227-D794-4E40-A9FA-0F4706037B3B}"
EndProject
Project("{FAE04EC0-301F-11D3-BF4B-00C04F79EFBC}") = "Web", "WebApplication1\Web.csproj", "{1719B4EF-787B-454E-B19E-008B2F4F5A3A}"
EndProject
Global
	GlobalSection(SolutionConfigurationPlatforms) = preSolution
		Debug|Any CPU = Debug|Any CPU
		Release|Any CPU = Release|Any CPU
	EndGlobalSection
	GlobalSection(ProjectConfigurationPlatforms) = postSolution
		{5C7EBE9A-AA56-4E47-A0E3-EB44E13FFAE7}.Debug|Any CPU.ActiveCfg = Debug|Any CPU
		{5C7EBE9A-AA56-4E47-A0E3-EB44E13FFAE7}.Debug|Any CPU.Build.0 = Debug|Any CPU
		{5C7EBE9A-AA56-4E47-A0E3-EB44E13FFAE7}.Release|Any CPU.ActiveCfg = Release|Any CPU
		{5C7EBE9A-AA56-4E47-A0E3-EB44E13FFAE7}.Release|Any CPU.Build.0 = Release|Any CPU
		{4AE2EBD5-B962-4589-85AE-590CDAF26960}.Debug|Any CPU.ActiveCfg = Debug|Any CPU
		{4AE2EBD5-B962-4589-85AE-590CDAF26960}.Debug|Any CPU.Build.0 = Debug|Any CPU
		{4AE2EBD5-B962-4589-85AE-590CDAF26960}.Release|Any CPU.ActiveCfg = Release|Any CPU
		{4AE2EBD5-B962-4589-85AE-590CDAF26960}.Release|Any CPU.Build.0 = Release|Any CPU
		{E0599227-D794-4E40-A9FA-0F4706037B3B}.Debug|Any CPU.ActiveCfg = Debug|Any CPU
		{E0599227-D794-4E40-A9FA-0F4706037B3B}.Debug|Any CPU.Build.0 = Debug|Any CPU
		{E0599227-D794-4E40-A9FA-0F4706037B3B}.Release|Any CPU.ActiveCfg = Release|Any CPU
		{E0599227-D794-4E40-A9FA-0F4706037B3B}.Release|Any CPU.Build.0 = Release|Any CPU
		{1719B4EF-787B-454E-B19E-008B2F4F5A3A}.Debug|Any CPU.ActiveCfg = Debug|Any CPU
		{1719B4EF-787B-454E-B19E-008B2F4F5A3A}.Debug|Any CPU.Build.0 = Debug|Any CPU
		{1719B4EF-787B-454E-B19E-008B2F4F5A3A}.Release|Any CPU.ActiveCfg = Release|Any CPU
		{1719B4EF-787B-454E-B19E-008B2F4F5A3A}.Release|Any CPU.Build.0 = Release|Any CPU
	EndGlobalSection
	GlobalSection(SolutionProperties) = preSolution
		HideSolutionNode = FALSE
	EndGlobalSection
	GlobalSection(ExtensibilityGlobals) = postSolution
		SolutionGuid = {384BE6A0-86A1-47F2-97D2-F36DCEF15B8B}
	EndGlobalSection
EndGlobal
